
Microsoft Visual Studio Solution File, Format Version 12.00
# Visual Studio Version 16
VisualStudioVersion = 16.0.30717.126
MinimumVisualStudioVersion = 10.0.40219.1
Project("{FAE04EC0-301F-11D3-BF4B-00C04F79EFBC}") = "MvcJsonWebAPI", "MvcJsonWebAPI\MvcJsonWebAPI.csproj", "{25A0D4B1-FD3E-40A4-AF1D-55A677268FB7}"
EndProject
Global
	GlobalSection(SolutionConfigurationPlatforms) = preSolution
		Debug|Any CPU = Debug|Any CPU
		Release|Any CPU = Release|Any CPU
	EndGlobalSection
	GlobalSection(ProjectConfigurationPlatforms) = postSolution
		{25A0D4B1-FD3E-40A4-AF1D-55A677268FB7}.Debug|Any CPU.ActiveCfg = Debug|Any CPU
		{25A0D4B1-FD3E-40A4-AF1D-55A677268FB7}.Debug|Any CPU.Build.0 = Debug|Any CPU
		{25A0D4B1-FD3E-40A4-AF1D-55A677268FB7}.Release|Any CPU.ActiveCfg = Release|Any CPU
		{25A0D4B1-FD3E-40A4-AF1D-55A677268FB7}.Release|Any CPU.Build.0 = Release|Any CPU
	EndGlobalSection
	GlobalSection(SolutionProperties) = preSolution
		HideSolutionNode = FALSE
	EndGlobalSection
	GlobalSection(ExtensibilityGlobals) = postSolution
		SolutionGuid = {27F714BC-8864-45E6-813A-9A568B07B153}
	EndGlobalSection
EndGlobal
